
Microsoft Visual Studio Solution File, Format Version 12.00
# Visual Studio Version 16
VisualStudioVersion = 16.0.31410.357
MinimumVisualStudioVersion = 10.0.40219.1
Project("{9A19103F-16F7-4668-BE54-9A1E7A4F7556}") = "BenefitsProject.Core", "BenefitsProject.Core\BenefitsProject.Core.csproj", "{9B968240-F189-4A45-8C44-C5E8FA528612}"
EndProject
Project("{9A19103F-16F7-4668-BE54-9A1E7A4F7556}") = "BenefitsProject.Infrastructure", "BenefitsProject.Infrastructure\BenefitsProject.Infrastructure.csproj", "{7BD40978-80CA-439C-A6A9-C015F4BD5E68}"
EndProject
Project("{9A19103F-16F7-4668-BE54-9A1E7A4F7556}") = "BenefitsProject.Core.UnitTests", "BenefitsProject.Core.UnitTests\BenefitsProject.Core.UnitTests.csproj", "{C768E18F-450B-421B-9217-30E15A5083DD}"
EndProject
Project("{9A19103F-16F7-4668-BE54-9A1E7A4F7556}") = "BenefitsProject.Infrastructure.Tests", "BenefitsProject.Infrastructure.Tests\BenefitsProject.Infrastructure.Tests.csproj", "{DD0B04B7-3574-48F3-8C1B-A20262DD7850}"
EndProject
Project("{9A19103F-16F7-4668-BE54-9A1E7A4F7556}") = "BenefitsProject.WebApi", "BenefitsProject.WebApi\BenefitsProject.WebApi.csproj", "{E06D4609-F3EC-4707-906A-F97FCC9C5E5A}"
EndProject
Project("{FAE04EC0-301F-11D3-BF4B-00C04F79EFBC}") = "BenefitsProject.WebApi.UnitTests", "BenefitsProject.WebApi.UnitTests\BenefitsProject.WebApi.UnitTests.csproj", "{3808DCA1-CD8A-473D-94E0-109B4C351290}"
EndProject
Global
	GlobalSection(SolutionConfigurationPlatforms) = preSolution
		Debug|Any CPU = Debug|Any CPU
		Release|Any CPU = Release|Any CPU
	EndGlobalSection
	GlobalSection(ProjectConfigurationPlatforms) = postSolution
		{9B968240-F189-4A45-8C44-C5E8FA528612}.Debug|Any CPU.ActiveCfg = Debug|Any CPU
		{9B968240-F189-4A45-8C44-C5E8FA528612}.Debug|Any CPU.Build.0 = Debug|Any CPU
		{9B968240-F189-4A45-8C44-C5E8FA528612}.Release|Any CPU.ActiveCfg = Release|Any CPU
		{9B968240-F189-4A45-8C44-C5E8FA528612}.Release|Any CPU.Build.0 = Release|Any CPU
		{7BD40978-80CA-439C-A6A9-C015F4BD5E68}.Debug|Any CPU.ActiveCfg = Debug|Any CPU
		{7BD40978-80CA-439C-A6A9-C015F4BD5E68}.Debug|Any CPU.Build.0 = Debug|Any CPU
		{7BD40978-80CA-439C-A6A9-C015F4BD5E68}.Release|Any CPU.ActiveCfg = Release|Any CPU
		{7BD40978-80CA-439C-A6A9-C015F4BD5E68}.Release|Any CPU.Build.0 = Release|Any CPU
		{C768E18F-450B-421B-9217-30E15A5083DD}.Debug|Any CPU.ActiveCfg = Debug|Any CPU
		{C768E18F-450B-421B-9217-30E15A5083DD}.Debug|Any CPU.Build.0 = Debug|Any CPU
		{C768E18F-450B-421B-9217-30E15A5083DD}.Release|Any CPU.ActiveCfg = Release|Any CPU
		{C768E18F-450B-421B-9217-30E15A5083DD}.Release|Any CPU.Build.0 = Release|Any CPU
		{DD0B04B7-3574-48F3-8C1B-A20262DD7850}.Debug|Any CPU.ActiveCfg = Debug|Any CPU
		{DD0B04B7-3574-48F3-8C1B-A20262DD7850}.Debug|Any CPU.Build.0 = Debug|Any CPU
		{DD0B04B7-3574-48F3-8C1B-A20262DD7850}.Release|Any CPU.ActiveCfg = Release|Any CPU
		{DD0B04B7-3574-48F3-8C1B-A20262DD7850}.Release|Any CPU.Build.0 = Release|Any CPU
		{E06D4609-F3EC-4707-906A-F97FCC9C5E5A}.Debug|Any CPU.ActiveCfg = Debug|Any CPU
		{E06D4609-F3EC-4707-906A-F97FCC9C5E5A}.Debug|Any CPU.Build.0 = Debug|Any CPU
		{E06D4609-F3EC-4707-906A-F97FCC9C5E5A}.Release|Any CPU.ActiveCfg = Release|Any CPU
		{E06D4609-F3EC-4707-906A-F97FCC9C5E5A}.Release|Any CPU.Build.0 = Release|Any CPU
		{3808DCA1-CD8A-473D-94E0-109B4C351290}.Debug|Any CPU.ActiveCfg = Debug|Any CPU
		{3808DCA1-CD8A-473D-94E0-109B4C351290}.Debug|Any CPU.Build.0 = Debug|Any CPU
		{3808DCA1-CD8A-473D-94E0-109B4C351290}.Release|Any CPU.ActiveCfg = Release|Any CPU
		{3808DCA1-CD8A-473D-94E0-109B4C351290}.Release|Any CPU.Build.0 = Release|Any CPU
	EndGlobalSection
	GlobalSection(SolutionProperties) = preSolution
		HideSolutionNode = FALSE
	EndGlobalSection
	GlobalSection(ExtensibilityGlobals) = postSolution
		SolutionGuid = {9D475DD4-3B4A-4714-BD77-84C69E42BA3C}
	EndGlobalSection
EndGlobal
